// !$*UTF8*$!
{
	archiveVersion = 1;
	classes = {
	};
	objectVersion = 56;
	objects = {

/* Begin PBXBuildFile section */
		5754D6652A06C2C1004D9162 /* Easy_PortfolioApp.swift in Sources */ = {isa = PBXBuildFile; fileRef = 5754D6642A06C2C1004D9162 /* Easy_PortfolioApp.swift */; };
		5754D6672A06C2C1004D9162 /* ContentView.swift in Sources */ = {isa = PBXBuildFile; fileRef = 5754D6662A06C2C1004D9162 /* ContentView.swift */; };
		5754D6692A06C2C2004D9162 /* Assets.xcassets in Resources */ = {isa = PBXBuildFile; fileRef = 5754D6682A06C2C2004D9162 /* Assets.xcassets */; };
		5754D66C2A06C2C2004D9162 /* Preview Assets.xcassets in Resources */ = {isa = PBXBuildFile; fileRef = 5754D66B2A06C2C2004D9162 /* Preview Assets.xcassets */; };
		5754D6732A06C76A004D9162 /* MainTabView.swift in Sources */ = {isa = PBXBuildFile; fileRef = 5754D6722A06C76A004D9162 /* MainTabView.swift */; };
		5754D6762A06C7D3004D9162 /* TabItemVies.swift in Sources */ = {isa = PBXBuildFile; fileRef = 5754D6752A06C7D3004D9162 /* TabItemVies.swift */; };
		5754D6782A06C7F5004D9162 /* TabBottomView.swift in Sources */ = {isa = PBXBuildFile; fileRef = 5754D6772A06C7F5004D9162 /* TabBottomView.swift */; };
		5754D67A2A06C80F004D9162 /* CustomTabView.swift in Sources */ = {isa = PBXBuildFile; fileRef = 5754D6792A06C80F004D9162 /* CustomTabView.swift */; };
		5754D67C2A06C83E004D9162 /* TabItemData.swift in Sources */ = {isa = PBXBuildFile; fileRef = 5754D67B2A06C83E004D9162 /* TabItemData.swift */; };
		5754D67E2A06C896004D9162 /* enums.swift in Sources */ = {isa = PBXBuildFile; fileRef = 5754D67D2A06C896004D9162 /* enums.swift */; };
		5754D6802A06C8C9004D9162 /* ProfileView.swift in Sources */ = {isa = PBXBuildFile; fileRef = 5754D67F2A06C8C9004D9162 /* ProfileView.swift */; };
		5754D6822A06C8EC004D9162 /* PortfolioView.swift in Sources */ = {isa = PBXBuildFile; fileRef = 5754D6812A06C8EC004D9162 /* PortfolioView.swift */; };
		5754D6842A06C903004D9162 /* AboutView.swift in Sources */ = {isa = PBXBuildFile; fileRef = 5754D6832A06C903004D9162 /* AboutView.swift */; };
		5754D68B2A06E03D004D9162 /* ProfileViewModel.swift in Sources */ = {isa = PBXBuildFile; fileRef = 5754D68A2A06E03D004D9162 /* ProfileViewModel.swift */; };
		5754D68D2A06E082004D9162 /* Question.swift in Sources */ = {isa = PBXBuildFile; fileRef = 5754D68C2A06E082004D9162 /* Question.swift */; };
		5754D68F2A06FFD7004D9162 /* TestView.swift in Sources */ = {isa = PBXBuildFile; fileRef = 5754D68E2A06FFD7004D9162 /* TestView.swift */; };
		5754D6B32A075297004D9162 /* Answer.swift in Sources */ = {isa = PBXBuildFile; fileRef = 5754D6B22A075297004D9162 /* Answer.swift */; };
		5754D6B52A0752B4004D9162 /* TestViewModel.swift in Sources */ = {isa = PBXBuildFile; fileRef = 5754D6B42A0752B4004D9162 /* TestViewModel.swift */; };
		5754D6B72A08361A004D9162 /* Portfolio.swift in Sources */ = {isa = PBXBuildFile; fileRef = 5754D6B62A08361A004D9162 /* Portfolio.swift */; };
		5754D6B92A08363C004D9162 /* Asset.swift in Sources */ = {isa = PBXBuildFile; fileRef = 5754D6B82A08363C004D9162 /* Asset.swift */; };
/* End PBXBuildFile section */

/* Begin PBXFileReference section */
		5754D6612A06C2C1004D9162 /* Easy Portfolio.app */ = {isa = PBXFileReference; explicitFileType = wrapper.application; includeInIndex = 0; path = "Easy Portfolio.app"; sourceTree = BUILT_PRODUCTS_DIR; };
		5754D6642A06C2C1004D9162 /* Easy_PortfolioApp.swift */ = {isa = PBXFileReference; lastKnownFileType = sourcecode.swift; path = Easy_PortfolioApp.swift; sourceTree = "<group>"; };
		5754D6662A06C2C1004D9162 /* ContentView.swift */ = {isa = PBXFileReference; lastKnownFileType = sourcecode.swift; path = ContentView.swift; sourceTree = "<group>"; };
		5754D6682A06C2C2004D9162 /* Assets.xcassets */ = {isa = PBXFileReference; lastKnownFileType = folder.assetcatalog; path = Assets.xcassets; sourceTree = "<group>"; };
		5754D66B2A06C2C2004D9162 /* Preview Assets.xcassets */ = {isa = PBXFileReference; lastKnownFileType = folder.assetcatalog; path = "Preview Assets.xcassets"; sourceTree = "<group>"; };
		5754D6722A06C76A004D9162 /* MainTabView.swift */ = {isa = PBXFileReference; lastKnownFileType = sourcecode.swift; path = MainTabView.swift; sourceTree = "<group>"; };
		5754D6752A06C7D3004D9162 /* TabItemVies.swift */ = {isa = PBXFileReference; lastKnownFileType = sourcecode.swift; path = TabItemVies.swift; sourceTree = "<group>"; };
		5754D6772A06C7F5004D9162 /* TabBottomView.swift */ = {isa = PBXFileReference; lastKnownFileType = sourcecode.swift; path = TabBottomView.swift; sourceTree = "<group>"; };
		5754D6792A06C80F004D9162 /* CustomTabView.swift */ = {isa = PBXFileReference; lastKnownFileType = sourcecode.swift; path = CustomTabView.swift; sourceTree = "<group>"; };
		5754D67B2A06C83E004D9162 /* TabItemData.swift */ = {isa = PBXFileReference; lastKnownFileType = sourcecode.swift; path = TabItemData.swift; sourceTree = "<group>"; };
		5754D67D2A06C896004D9162 /* enums.swift */ = {isa = PBXFileReference; lastKnownFileType = sourcecode.swift; path = enums.swift; sourceTree = "<group>"; };
		5754D67F2A06C8C9004D9162 /* ProfileView.swift */ = {isa = PBXFileReference; lastKnownFileType = sourcecode.swift; path = ProfileView.swift; sourceTree = "<group>"; };
		5754D6812A06C8EC004D9162 /* PortfolioView.swift */ = {isa = PBXFileReference; lastKnownFileType = sourcecode.swift; path = PortfolioView.swift; sourceTree = "<group>"; };
		5754D6832A06C903004D9162 /* AboutView.swift */ = {isa = PBXFileReference; lastKnownFileType = sourcecode.swift; path = AboutView.swift; sourceTree = "<group>"; };
		5754D68A2A06E03D004D9162 /* ProfileViewModel.swift */ = {isa = PBXFileReference; lastKnownFileType = sourcecode.swift; path = ProfileViewModel.swift; sourceTree = "<group>"; };
		5754D68C2A06E082004D9162 /* Question.swift */ = {isa = PBXFileReference; lastKnownFileType = sourcecode.swift; path = Question.swift; sourceTree = "<group>"; };
		5754D68E2A06FFD7004D9162 /* TestView.swift */ = {isa = PBXFileReference; lastKnownFileType = sourcecode.swift; path = TestView.swift; sourceTree = "<group>"; };
		5754D6B22A075297004D9162 /* Answer.swift */ = {isa = PBXFileReference; lastKnownFileType = sourcecode.swift; path = Answer.swift; sourceTree = "<group>"; };
		5754D6B42A0752B4004D9162 /* TestViewModel.swift */ = {isa = PBXFileReference; lastKnownFileType = sourcecode.swift; path = TestViewModel.swift; sourceTree = "<group>"; };
		5754D6B62A08361A004D9162 /* Portfolio.swift */ = {isa = PBXFileReference; lastKnownFileType = sourcecode.swift; path = Portfolio.swift; sourceTree = "<group>"; };
		5754D6B82A08363C004D9162 /* Asset.swift */ = {isa = PBXFileReference; lastKnownFileType = sourcecode.swift; path = Asset.swift; sourceTree = "<group>"; };
/* End PBXFileReference section */

/* Begin PBXFrameworksBuildPhase section */
		5754D65E2A06C2C1004D9162 /* Frameworks */ = {
			isa = PBXFrameworksBuildPhase;
			buildActionMask = 2147483647;
			files = (
			);
			runOnlyForDeploymentPostprocessing = 0;
		};
/* End PBXFrameworksBuildPhase section */

/* Begin PBXGroup section */
		5754D6582A06C2C1004D9162 = {
			isa = PBXGroup;
			children = (
				5754D6632A06C2C1004D9162 /* Easy Portfolio */,
				5754D6622A06C2C1004D9162 /* Products */,
			);
			sourceTree = "<group>";
		};
		5754D6622A06C2C1004D9162 /* Products */ = {
			isa = PBXGroup;
			children = (
				5754D6612A06C2C1004D9162 /* Easy Portfolio.app */,
			);
			name = Products;
			sourceTree = "<group>";
		};
		5754D6632A06C2C1004D9162 /* Easy Portfolio */ = {
			isa = PBXGroup;
			children = (
				5754D6642A06C2C1004D9162 /* Easy_PortfolioApp.swift */,
				5754D6892A06E02B004D9162 /* ViewModel */,
				5754D6852A06DA30004D9162 /* View */,
				5754D6882A06DB0B004D9162 /* Model */,
				5754D6872A06DB01004D9162 /* Utilities */,
				5754D6682A06C2C2004D9162 /* Assets.xcassets */,
				5754D66A2A06C2C2004D9162 /* Preview Content */,
			);
			path = "Easy Portfolio";
			sourceTree = "<group>";
		};
		5754D66A2A06C2C2004D9162 /* Preview Content */ = {
			isa = PBXGroup;
			children = (
				5754D66B2A06C2C2004D9162 /* Preview Assets.xcassets */,
			);
			path = "Preview Content";
			sourceTree = "<group>";
		};
		5754D6742A06C78E004D9162 /* TabbarViews */ = {
			isa = PBXGroup;
			children = (
				5754D6722A06C76A004D9162 /* MainTabView.swift */,
				5754D6752A06C7D3004D9162 /* TabItemVies.swift */,
				5754D6772A06C7F5004D9162 /* TabBottomView.swift */,
				5754D6792A06C80F004D9162 /* CustomTabView.swift */,
			);
			path = TabbarViews;
			sourceTree = "<group>";
		};
		5754D6852A06DA30004D9162 /* View */ = {
			isa = PBXGroup;
			children = (
				5754D6862A06DA60004D9162 /* AppViews */,
				5754D6742A06C78E004D9162 /* TabbarViews */,
			);
			path = View;
			sourceTree = "<group>";
		};
		5754D6862A06DA60004D9162 /* AppViews */ = {
			isa = PBXGroup;
			children = (
				5754D6662A06C2C1004D9162 /* ContentView.swift */,
				5754D67F2A06C8C9004D9162 /* ProfileView.swift */,
				5754D6812A06C8EC004D9162 /* PortfolioView.swift */,
				5754D6832A06C903004D9162 /* AboutView.swift */,
				5754D68E2A06FFD7004D9162 /* TestView.swift */,
			);
			path = AppViews;
			sourceTree = "<group>";
		};
		5754D6872A06DB01004D9162 /* Utilities */ = {
			isa = PBXGroup;
			children = (
				5754D67D2A06C896004D9162 /* enums.swift */,
			);
			path = Utilities;
			sourceTree = "<group>";
		};
		5754D6882A06DB0B004D9162 /* Model */ = {
			isa = PBXGroup;
			children = (
				5754D67B2A06C83E004D9162 /* TabItemData.swift */,
				5754D68C2A06E082004D9162 /* Question.swift */,
				5754D6B22A075297004D9162 /* Answer.swift */,
				5754D6B62A08361A004D9162 /* Portfolio.swift */,
				5754D6B82A08363C004D9162 /* Asset.swift */,
			);
			path = Model;
			sourceTree = "<group>";
		};
		5754D6892A06E02B004D9162 /* ViewModel */ = {
			isa = PBXGroup;
			children = (
				5754D68A2A06E03D004D9162 /* ProfileViewModel.swift */,
				5754D6B42A0752B4004D9162 /* TestViewModel.swift */,
			);
			path = ViewModel;
			sourceTree = "<group>";
		};
/* End PBXGroup section */

/* Begin PBXNativeTarget section */
		5754D6602A06C2C1004D9162 /* Easy Portfolio */ = {
			isa = PBXNativeTarget;
			buildConfigurationList = 5754D66F2A06C2C2004D9162 /* Build configuration list for PBXNativeTarget "Easy Portfolio" */;
			buildPhases = (
				5754D65D2A06C2C1004D9162 /* Sources */,
				5754D65E2A06C2C1004D9162 /* Frameworks */,
				5754D65F2A06C2C1004D9162 /* Resources */,
			);
			buildRules = (
			);
			dependencies = (
			);
			name = "Easy Portfolio";
			productName = "Easy Portfolio";
			productReference = 5754D6612A06C2C1004D9162 /* Easy Portfolio.app */;
			productType = "com.apple.product-type.application";
		};
/* End PBXNativeTarget section */

/* Begin PBXProject section */
		5754D6592A06C2C1004D9162 /* Project object */ = {
			isa = PBXProject;
			attributes = {
				BuildIndependentTargetsInParallel = 1;
				LastSwiftUpdateCheck = 1420;
				LastUpgradeCheck = 1420;
				TargetAttributes = {
					5754D6602A06C2C1004D9162 = {
						CreatedOnToolsVersion = 14.2;
					};
				};
			};
			buildConfigurationList = 5754D65C2A06C2C1004D9162 /* Build configuration list for PBXProject "Easy Portfolio" */;
			compatibilityVersion = "Xcode 14.0";
			developmentRegion = en;
			hasScannedForEncodings = 0;
			knownRegions = (
				en,
				Base,
			);
			mainGroup = 5754D6582A06C2C1004D9162;
			productRefGroup = 5754D6622A06C2C1004D9162 /* Products */;
			projectDirPath = "";
			projectRoot = "";
			targets = (
				5754D6602A06C2C1004D9162 /* Easy Portfolio */,
			);
		};
/* End PBXProject section */

/* Begin PBXResourcesBuildPhase section */
		5754D65F2A06C2C1004D9162 /* Resources */ = {
			isa = PBXResourcesBuildPhase;
			buildActionMask = 2147483647;
			files = (
				5754D66C2A06C2C2004D9162 /* Preview Assets.xcassets in Resources */,
				5754D6692A06C2C2004D9162 /* Assets.xcassets in Resources */,
			);
			runOnlyForDeploymentPostprocessing = 0;
		};
/* End PBXResourcesBuildPhase section */

/* Begin PBXSourcesBuildPhase section */
		5754D65D2A06C2C1004D9162 /* Sources */ = {
			isa = PBXSourcesBuildPhase;
			buildActionMask = 2147483647;
			files = (
				5754D6B92A08363C004D9162 /* Asset.swift in Sources */,
				5754D68F2A06FFD7004D9162 /* TestView.swift in Sources */,
				5754D6782A06C7F5004D9162 /* TabBottomView.swift in Sources */,
				5754D6822A06C8EC004D9162 /* PortfolioView.swift in Sources */,
				5754D6842A06C903004D9162 /* AboutView.swift in Sources */,
				5754D6802A06C8C9004D9162 /* ProfileView.swift in Sources */,
				5754D6672A06C2C1004D9162 /* ContentView.swift in Sources */,
				5754D6762A06C7D3004D9162 /* TabItemVies.swift in Sources */,
				5754D68B2A06E03D004D9162 /* ProfileViewModel.swift in Sources */,
				5754D6B72A08361A004D9162 /* Portfolio.swift in Sources */,
				5754D67C2A06C83E004D9162 /* TabItemData.swift in Sources */,
				5754D68D2A06E082004D9162 /* Question.swift in Sources */,
				5754D6B52A0752B4004D9162 /* TestViewModel.swift in Sources */,
				5754D67A2A06C80F004D9162 /* CustomTabView.swift in Sources */,
				5754D6652A06C2C1004D9162 /* Easy_PortfolioApp.swift in Sources */,
				5754D6B32A075297004D9162 /* Answer.swift in Sources */,
				5754D67E2A06C896004D9162 /* enums.swift in Sources */,
				5754D6732A06C76A004D9162 /* MainTabView.swift in Sources */,
			);
			runOnlyForDeploymentPostprocessing = 0;
		};
/* End PBXSourcesBuildPhase section */

/* Begin XCBuildConfiguration section */
		5754D66D2A06C2C2004D9162 /* Debug */ = {
			isa = XCBuildConfiguration;
			buildSettings = {
				ALWAYS_SEARCH_USER_PATHS = NO;
				CLANG_ANALYZER_NONNULL = YES;
				CLANG_ANALYZER_NUMBER_OBJECT_CONVERSION = YES_AGGRESSIVE;
				CLANG_CXX_LANGUAGE_STANDARD = "gnu++20";
				CLANG_ENABLE_MODULES = YES;
				CLANG_ENABLE_OBJC_ARC = YES;
				CLANG_ENABLE_OBJC_WEAK = YES;
				CLANG_WARN_BLOCK_CAPTURE_AUTORELEASING = YES;
				CLANG_WARN_BOOL_CONVERSION = YES;
				CLANG_WARN_COMMA = YES;
				CLANG_WARN_CONSTANT_CONVERSION = YES;
				CLANG_WARN_DEPRECATED_OBJC_IMPLEMENTATIONS = YES;
				CLANG_WARN_DIRECT_OBJC_ISA_USAGE = YES_ERROR;
				CLANG_WARN_DOCUMENTATION_COMMENTS = YES;
				CLANG_WARN_EMPTY_BODY = YES;
				CLANG_WARN_ENUM_CONVERSION = YES;
				CLANG_WARN_INFINITE_RECURSION = YES;
				CLANG_WARN_INT_CONVERSION = YES;
				CLANG_WARN_NON_LITERAL_NULL_CONVERSION = YES;
				CLANG_WARN_OBJC_IMPLICIT_RETAIN_SELF = YES;
				CLANG_WARN_OBJC_LITERAL_CONVERSION = YES;
				CLANG_WARN_OBJC_ROOT_CLASS = YES_ERROR;
				CLANG_WARN_QUOTED_INCLUDE_IN_FRAMEWORK_HEADER = YES;
				CLANG_WARN_RANGE_LOOP_ANALYSIS = YES;
				CLANG_WARN_STRICT_PROTOTYPES = YES;
				CLANG_WARN_SUSPICIOUS_MOVE = YES;
				CLANG_WARN_UNGUARDED_AVAILABILITY = YES_AGGRESSIVE;
				CLANG_WARN_UNREACHABLE_CODE = YES;
				CLANG_WARN__DUPLICATE_METHOD_MATCH = YES;
				COPY_PHASE_STRIP = NO;
				DEBUG_INFORMATION_FORMAT = dwarf;
				ENABLE_STRICT_OBJC_MSGSEND = YES;
				ENABLE_TESTABILITY = YES;
				GCC_C_LANGUAGE_STANDARD = gnu11;
				GCC_DYNAMIC_NO_PIC = NO;
				GCC_NO_COMMON_BLOCKS = YES;
				GCC_OPTIMIZATION_LEVEL = 0;
				GCC_PREPROCESSOR_DEFINITIONS = (
					"DEBUG=1",
					"$(inherited)",
				);
				GCC_WARN_64_TO_32_BIT_CONVERSION = YES;
				GCC_WARN_ABOUT_RETURN_TYPE = YES_ERROR;
				GCC_WARN_UNDECLARED_SELECTOR = YES;
				GCC_WARN_UNINITIALIZED_AUTOS = YES_AGGRESSIVE;
				GCC_WARN_UNUSED_FUNCTION = YES;
				GCC_WARN_UNUSED_VARIABLE = YES;
				IPHONEOS_DEPLOYMENT_TARGET = 16.2;
				MTL_ENABLE_DEBUG_INFO = INCLUDE_SOURCE;
				MTL_FAST_MATH = YES;
				ONLY_ACTIVE_ARCH = YES;
				SDKROOT = iphoneos;
				SWIFT_ACTIVE_COMPILATION_CONDITIONS = DEBUG;
				SWIFT_OPTIMIZATION_LEVEL = "-Onone";
			};
			name = Debug;
		};
		5754D66E2A06C2C2004D9162 /* Release */ = {
			isa = XCBuildConfiguration;
			buildSettings = {
				ALWAYS_SEARCH_USER_PATHS = NO;
				CLANG_ANALYZER_NONNULL = YES;
				CLANG_ANALYZER_NUMBER_OBJECT_CONVERSION = YES_AGGRESSIVE;
				CLANG_CXX_LANGUAGE_STANDARD = "gnu++20";
				CLANG_ENABLE_MODULES = YES;
				CLANG_ENABLE_OBJC_ARC = YES;
				CLANG_ENABLE_OBJC_WEAK = YES;
				CLANG_WARN_BLOCK_CAPTURE_AUTORELEASING = YES;
				CLANG_WARN_BOOL_CONVERSION = YES;
				CLANG_WARN_COMMA = YES;
				CLANG_WARN_CONSTANT_CONVERSION = YES;
				CLANG_WARN_DEPRECATED_OBJC_IMPLEMENTATIONS = YES;
				CLANG_WARN_DIRECT_OBJC_ISA_USAGE = YES_ERROR;
				CLANG_WARN_DOCUMENTATION_COMMENTS = YES;
				CLANG_WARN_EMPTY_BODY = YES;
				CLANG_WARN_ENUM_CONVERSION = YES;
				CLANG_WARN_INFINITE_RECURSION = YES;
				CLANG_WARN_INT_CONVERSION = YES;
				CLANG_WARN_NON_LITERAL_NULL_CONVERSION = YES;
				CLANG_WARN_OBJC_IMPLICIT_RETAIN_SELF = YES;
				CLANG_WARN_OBJC_LITERAL_CONVERSION = YES;
				CLANG_WARN_OBJC_ROOT_CLASS = YES_ERROR;
				CLANG_WARN_QUOTED_INCLUDE_IN_FRAMEWORK_HEADER = YES;
				CLANG_WARN_RANGE_LOOP_ANALYSIS = YES;
				CLANG_WARN_STRICT_PROTOTYPES = YES;
				CLANG_WARN_SUSPICIOUS_MOVE = YES;
				CLANG_WARN_UNGUARDED_AVAILABILITY = YES_AGGRESSIVE;
				CLANG_WARN_UNREACHABLE_CODE = YES;
				CLANG_WARN__DUPLICATE_METHOD_MATCH = YES;
				COPY_PHASE_STRIP = NO;
				DEBUG_INFORMATION_FORMAT = "dwarf-with-dsym";
				ENABLE_NS_ASSERTIONS = NO;
				ENABLE_STRICT_OBJC_MSGSEND = YES;
				GCC_C_LANGUAGE_STANDARD = gnu11;
				GCC_NO_COMMON_BLOCKS = YES;
				GCC_WARN_64_TO_32_BIT_CONVERSION = YES;
				GCC_WARN_ABOUT_RETURN_TYPE = YES_ERROR;
				GCC_WARN_UNDECLARED_SELECTOR = YES;
				GCC_WARN_UNINITIALIZED_AUTOS = YES_AGGRESSIVE;
				GCC_WARN_UNUSED_FUNCTION = YES;
				GCC_WARN_UNUSED_VARIABLE = YES;
				IPHONEOS_DEPLOYMENT_TARGET = 16.2;
				MTL_ENABLE_DEBUG_INFO = NO;
				MTL_FAST_MATH = YES;
				SDKROOT = iphoneos;
				SWIFT_COMPILATION_MODE = wholemodule;
				SWIFT_OPTIMIZATION_LEVEL = "-O";
				VALIDATE_PRODUCT = YES;
			};
			name = Release;
		};
		5754D6702A06C2C2004D9162 /* Debug */ = {
			isa = XCBuildConfiguration;
			buildSettings = {
				ASSETCATALOG_COMPILER_APPICON_NAME = AppIcon;
				ASSETCATALOG_COMPILER_GLOBAL_ACCENT_COLOR_NAME = AccentColor;
				CODE_SIGN_STYLE = Automatic;
				CURRENT_PROJECT_VERSION = 1;
				DEVELOPMENT_ASSET_PATHS = "\"Easy Portfolio/Preview Content\"";
				DEVELOPMENT_TEAM = YZT8MU55TB;
				ENABLE_PREVIEWS = YES;
				GENERATE_INFOPLIST_FILE = YES;
				INFOPLIST_KEY_UIApplicationSceneManifest_Generation = YES;
				INFOPLIST_KEY_UIApplicationSupportsIndirectInputEvents = YES;
				INFOPLIST_KEY_UILaunchScreen_Generation = YES;
				INFOPLIST_KEY_UISupportedInterfaceOrientations_iPad = "UIInterfaceOrientationPortrait UIInterfaceOrientationPortraitUpsideDown UIInterfaceOrientationLandscapeLeft UIInterfaceOrientationLandscapeRight";
				INFOPLIST_KEY_UISupportedInterfaceOrientations_iPhone = "UIInterfaceOrientationPortrait UIInterfaceOrientationLandscapeLeft UIInterfaceOrientationLandscapeRight";
				LD_RUNPATH_SEARCH_PATHS = (
					"$(inherited)",
					"@executable_path/Frameworks",
				);
				MARKETING_VERSION = 1.0;
				PRODUCT_BUNDLE_IDENTIFIER = "ru.vifinance.Easy-Portfolio";
				PRODUCT_NAME = "$(TARGET_NAME)";
				SWIFT_EMIT_LOC_STRINGS = YES;
				SWIFT_VERSION = 5.0;
				TARGETED_DEVICE_FAMILY = "1,2";
			};
			name = Debug;
		};
		5754D6712A06C2C2004D9162 /* Release */ = {
			isa = XCBuildConfiguration;
			buildSettings = {
				ASSETCATALOG_COMPILER_APPICON_NAME = AppIcon;
				ASSETCATALOG_COMPILER_GLOBAL_ACCENT_COLOR_NAME = AccentColor;
				CODE_SIGN_STYLE = Automatic;
				CURRENT_PROJECT_VERSION = 1;
				DEVELOPMENT_ASSET_PATHS = "\"Easy Portfolio/Preview Content\"";
				DEVELOPMENT_TEAM = YZT8MU55TB;
				ENABLE_PREVIEWS = YES;
				GENERATE_INFOPLIST_FILE = YES;
				INFOPLIST_KEY_UIApplicationSceneManifest_Generation = YES;
				INFOPLIST_KEY_UIApplicationSupportsIndirectInputEvents = YES;
				INFOPLIST_KEY_UILaunchScreen_Generation = YES;
				INFOPLIST_KEY_UISupportedInterfaceOrientations_iPad = "UIInterfaceOrientationPortrait UIInterfaceOrientationPortraitUpsideDown UIInterfaceOrientationLandscapeLeft UIInterfaceOrientationLandscapeRight";
				INFOPLIST_KEY_UISupportedInterfaceOrientations_iPhone = "UIInterfaceOrientationPortrait UIInterfaceOrientationLandscapeLeft UIInterfaceOrientationLandscapeRight";
				LD_RUNPATH_SEARCH_PATHS = (
					"$(inherited)",
					"@executable_path/Frameworks",
				);
				MARKETING_VERSION = 1.0;
				PRODUCT_BUNDLE_IDENTIFIER = "ru.vifinance.Easy-Portfolio";
				PRODUCT_NAME = "$(TARGET_NAME)";
				SWIFT_EMIT_LOC_STRINGS = YES;
				SWIFT_VERSION = 5.0;
				TARGETED_DEVICE_FAMILY = "1,2";
			};
			name = Release;
		};
/* End XCBuildConfiguration section */

/* Begin XCConfigurationList section */
		5754D65C2A06C2C1004D9162 /* Build configuration list for PBXProject "Easy Portfolio" */ = {
			isa = XCConfigurationList;
			buildConfigurations = (
				5754D66D2A06C2C2004D9162 /* Debug */,
				5754D66E2A06C2C2004D9162 /* Release */,
			);
			defaultConfigurationIsVisible = 0;
			defaultConfigurationName = Release;
		};
		5754D66F2A06C2C2004D9162 /* Build configuration list for PBXNativeTarget "Easy Portfolio" */ = {
			isa = XCConfigurationList;
			buildConfigurations = (
				5754D6702A06C2C2004D9162 /* Debug */,
				5754D6712A06C2C2004D9162 /* Release */,
			);
			defaultConfigurationIsVisible = 0;
			defaultConfigurationName = Release;
		};
/* End XCConfigurationList section */
	};
	rootObject = 5754D6592A06C2C1004D9162 /* Project object */;
}
